
Microsoft Visual Studio Solution File, Format Version 12.00
# Visual Studio 2012
Project("{2150E333-8FDC-42A3-9474-1A3956D46DE8}") = "Model", "Model", "{3BBD2A55-EF92-4177-A824-37EC0BFE99A7}"
EndProject
Project("{2150E333-8FDC-42A3-9474-1A3956D46DE8}") = "ViewModel", "ViewModel", "{8E6B0002-D81B-4417-82B1-4FB9A2F77919}"
EndProject
Project("{2150E333-8FDC-42A3-9474-1A3956D46DE8}") = "View", "View", "{3D06EF47-2B52-4E3B-9553-D5E8B0C366D8}"
EndProject
Project("{2150E333-8FDC-42A3-9474-1A3956D46DE8}") = "Service", "Service", "{160A4ABE-2543-4A68-8474-38AB74892287}"
EndProject
Project("{2150E333-8FDC-42A3-9474-1A3956D46DE8}") = "ViewModel.Tests", "ViewModel.Tests", "{454E141D-597C-43B8-BC87-57BB31459736}"
EndProject
Project("{2150E333-8FDC-42A3-9474-1A3956D46DE8}") = "Service.Tests", "Service.Tests", "{7C7AEA64-D39E-4DB6-92AA-72EC9203FB3C}"
EndProject
Project("{2150E333-8FDC-42A3-9474-1A3956D46DE8}") = ".nuget", ".nuget", "{B95D8064-4E8E-4FD2-8E6E-2496A0440716}"
	ProjectSection(SolutionItems) = preProject
		.nuget\NuGet.Config = .nuget\NuGet.Config
		.nuget\NuGet.exe = .nuget\NuGet.exe
		.nuget\NuGet.targets = .nuget\NuGet.targets
	EndProjectSection
EndProject
Project("{FAE04EC0-301F-11D3-BF4B-00C04F79EFBC}") = "BetterBuses.View.WinPhone", "BetterBuses.View.WinPhone\BetterBuses.View.WinPhone.csproj", "{17B3DC2E-4E82-4E4D-A032-23D4FEC9387F}"
EndProject
Project("{FAE04EC0-301F-11D3-BF4B-00C04F79EFBC}") = "BetterBuses.Service.Common", "BetterBuses.Service.Common\BetterBuses.Service.Common.csproj", "{EB44E129-CDD8-4647-93F8-94FED393C2B4}"
EndProject
Project("{FAE04EC0-301F-11D3-BF4B-00C04F79EFBC}") = "BetterBuses.Service.ExampleDataService", "BetterBuses.Service.ExampleDataService\BetterBuses.Service.ExampleDataService.csproj", "{F3A6B7DC-010F-42E7-946E-E180F992B969}"
EndProject
Project("{FAE04EC0-301F-11D3-BF4B-00C04F79EFBC}") = "BetterBuses.Model.Common", "BetterBuses.Model.Common\BetterBuses.Model.Common.csproj", "{0044C06C-35E7-4202-A0B3-05A8801167F0}"
EndProject
Project("{FAE04EC0-301F-11D3-BF4B-00C04F79EFBC}") = "BetterBuses.ViewModel.Common", "BetterBuses.ViewModel.Common\BetterBuses.ViewModel.Common.csproj", "{FBA44E0C-EFDC-427C-AC0C-6CA7818F185C}"
EndProject
Project("{2150E333-8FDC-42A3-9474-1A3956D46DE8}") = "Repository", "Repository", "{0C00A2C7-036E-4C85-8CE7-91838B361A61}"
EndProject
Project("{FAE04EC0-301F-11D3-BF4B-00C04F79EFBC}") = "BetterBuses.Repository.Common", "BetterBuses.Repository.Common\BetterBuses.Repository.Common.csproj", "{5D64C1CC-5158-4A90-9915-F2724B556665}"
EndProject
Project("{FAE04EC0-301F-11D3-BF4B-00C04F79EFBC}") = "BetterBuses.Model.WinPhone", "BetterBuses.Model.WinPhone\BetterBuses.Model.WinPhone.csproj", "{C3C7E79F-B09A-41A9-88C3-F6F057FB2B80}"
EndProject
Global
	GlobalSection(SolutionConfigurationPlatforms) = preSolution
		Debug|Any CPU = Debug|Any CPU
		Debug|ARM = Debug|ARM
		Debug|x86 = Debug|x86
		Release|Any CPU = Release|Any CPU
		Release|ARM = Release|ARM
		Release|x86 = Release|x86
	EndGlobalSection
	GlobalSection(ProjectConfigurationPlatforms) = postSolution
		{17B3DC2E-4E82-4E4D-A032-23D4FEC9387F}.Debug|Any CPU.ActiveCfg = Debug|Any CPU
		{17B3DC2E-4E82-4E4D-A032-23D4FEC9387F}.Debug|Any CPU.Build.0 = Debug|Any CPU
		{17B3DC2E-4E82-4E4D-A032-23D4FEC9387F}.Debug|Any CPU.Deploy.0 = Debug|Any CPU
		{17B3DC2E-4E82-4E4D-A032-23D4FEC9387F}.Debug|ARM.ActiveCfg = Debug|ARM
		{17B3DC2E-4E82-4E4D-A032-23D4FEC9387F}.Debug|ARM.Build.0 = Debug|ARM
		{17B3DC2E-4E82-4E4D-A032-23D4FEC9387F}.Debug|ARM.Deploy.0 = Debug|ARM
		{17B3DC2E-4E82-4E4D-A032-23D4FEC9387F}.Debug|x86.ActiveCfg = Debug|x86
		{17B3DC2E-4E82-4E4D-A032-23D4FEC9387F}.Debug|x86.Build.0 = Debug|x86
		{17B3DC2E-4E82-4E4D-A032-23D4FEC9387F}.Debug|x86.Deploy.0 = Debug|x86
		{17B3DC2E-4E82-4E4D-A032-23D4FEC9387F}.Release|Any CPU.ActiveCfg = Release|Any CPU
		{17B3DC2E-4E82-4E4D-A032-23D4FEC9387F}.Release|Any CPU.Build.0 = Release|Any CPU
		{17B3DC2E-4E82-4E4D-A032-23D4FEC9387F}.Release|Any CPU.Deploy.0 = Release|Any CPU
		{17B3DC2E-4E82-4E4D-A032-23D4FEC9387F}.Release|ARM.ActiveCfg = Release|ARM
		{17B3DC2E-4E82-4E4D-A032-23D4FEC9387F}.Release|ARM.Build.0 = Release|ARM
		{17B3DC2E-4E82-4E4D-A032-23D4FEC9387F}.Release|ARM.Deploy.0 = Release|ARM
		{17B3DC2E-4E82-4E4D-A032-23D4FEC9387F}.Release|x86.ActiveCfg = Release|x86
		{17B3DC2E-4E82-4E4D-A032-23D4FEC9387F}.Release|x86.Build.0 = Release|x86
		{17B3DC2E-4E82-4E4D-A032-23D4FEC9387F}.Release|x86.Deploy.0 = Release|x86
		{EB44E129-CDD8-4647-93F8-94FED393C2B4}.Debug|Any CPU.ActiveCfg = Debug|Any CPU
		{EB44E129-CDD8-4647-93F8-94FED393C2B4}.Debug|Any CPU.Build.0 = Debug|Any CPU
		{EB44E129-CDD8-4647-93F8-94FED393C2B4}.Debug|ARM.ActiveCfg = Debug|Any CPU
		{EB44E129-CDD8-4647-93F8-94FED393C2B4}.Debug|x86.ActiveCfg = Debug|Any CPU
		{EB44E129-CDD8-4647-93F8-94FED393C2B4}.Release|Any CPU.ActiveCfg = Release|Any CPU
		{EB44E129-CDD8-4647-93F8-94FED393C2B4}.Release|Any CPU.Build.0 = Release|Any CPU
		{EB44E129-CDD8-4647-93F8-94FED393C2B4}.Release|ARM.ActiveCfg = Release|Any CPU
		{EB44E129-CDD8-4647-93F8-94FED393C2B4}.Release|x86.ActiveCfg = Release|Any CPU
		{F3A6B7DC-010F-42E7-946E-E180F992B969}.Debug|Any CPU.ActiveCfg = Debug|Any CPU
		{F3A6B7DC-010F-42E7-946E-E180F992B969}.Debug|Any CPU.Build.0 = Debug|Any CPU
		{F3A6B7DC-010F-42E7-946E-E180F992B969}.Debug|ARM.ActiveCfg = Debug|Any CPU
		{F3A6B7DC-010F-42E7-946E-E180F992B969}.Debug|x86.ActiveCfg = Debug|Any CPU
		{F3A6B7DC-010F-42E7-946E-E180F992B969}.Release|Any CPU.ActiveCfg = Release|Any CPU
		{F3A6B7DC-010F-42E7-946E-E180F992B969}.Release|Any CPU.Build.0 = Release|Any CPU
		{F3A6B7DC-010F-42E7-946E-E180F992B969}.Release|ARM.ActiveCfg = Release|Any CPU
		{F3A6B7DC-010F-42E7-946E-E180F992B969}.Release|x86.ActiveCfg = Release|Any CPU
		{0044C06C-35E7-4202-A0B3-05A8801167F0}.Debug|Any CPU.ActiveCfg = Debug|Any CPU
		{0044C06C-35E7-4202-A0B3-05A8801167F0}.Debug|Any CPU.Build.0 = Debug|Any CPU
		{0044C06C-35E7-4202-A0B3-05A8801167F0}.Debug|ARM.ActiveCfg = Debug|Any CPU
		{0044C06C-35E7-4202-A0B3-05A8801167F0}.Debug|x86.ActiveCfg = Debug|Any CPU
		{0044C06C-35E7-4202-A0B3-05A8801167F0}.Release|Any CPU.ActiveCfg = Release|Any CPU
		{0044C06C-35E7-4202-A0B3-05A8801167F0}.Release|Any CPU.Build.0 = Release|Any CPU
		{0044C06C-35E7-4202-A0B3-05A8801167F0}.Release|ARM.ActiveCfg = Release|Any CPU
		{0044C06C-35E7-4202-A0B3-05A8801167F0}.Release|x86.ActiveCfg = Release|Any CPU
		{FBA44E0C-EFDC-427C-AC0C-6CA7818F185C}.Debug|Any CPU.ActiveCfg = Debug|Any CPU
		{FBA44E0C-EFDC-427C-AC0C-6CA7818F185C}.Debug|Any CPU.Build.0 = Debug|Any CPU
		{FBA44E0C-EFDC-427C-AC0C-6CA7818F185C}.Debug|ARM.ActiveCfg = Debug|Any CPU
		{FBA44E0C-EFDC-427C-AC0C-6CA7818F185C}.Debug|x86.ActiveCfg = Debug|Any CPU
		{FBA44E0C-EFDC-427C-AC0C-6CA7818F185C}.Release|Any CPU.ActiveCfg = Release|Any CPU
		{FBA44E0C-EFDC-427C-AC0C-6CA7818F185C}.Release|Any CPU.Build.0 = Release|Any CPU
		{FBA44E0C-EFDC-427C-AC0C-6CA7818F185C}.Release|ARM.ActiveCfg = Release|Any CPU
		{FBA44E0C-EFDC-427C-AC0C-6CA7818F185C}.Release|x86.ActiveCfg = Release|Any CPU
		{5D64C1CC-5158-4A90-9915-F2724B556665}.Debug|Any CPU.ActiveCfg = Debug|Any CPU
		{5D64C1CC-5158-4A90-9915-F2724B556665}.Debug|Any CPU.Build.0 = Debug|Any CPU
		{5D64C1CC-5158-4A90-9915-F2724B556665}.Debug|ARM.ActiveCfg = Debug|Any CPU
		{5D64C1CC-5158-4A90-9915-F2724B556665}.Debug|x86.ActiveCfg = Debug|Any CPU
		{5D64C1CC-5158-4A90-9915-F2724B556665}.Release|Any CPU.ActiveCfg = Release|Any CPU
		{5D64C1CC-5158-4A90-9915-F2724B556665}.Release|Any CPU.Build.0 = Release|Any CPU
		{5D64C1CC-5158-4A90-9915-F2724B556665}.Release|ARM.ActiveCfg = Release|Any CPU
		{5D64C1CC-5158-4A90-9915-F2724B556665}.Release|x86.ActiveCfg = Release|Any CPU
		{C3C7E79F-B09A-41A9-88C3-F6F057FB2B80}.Debug|Any CPU.ActiveCfg = Debug|Any CPU
		{C3C7E79F-B09A-41A9-88C3-F6F057FB2B80}.Debug|Any CPU.Build.0 = Debug|Any CPU
		{C3C7E79F-B09A-41A9-88C3-F6F057FB2B80}.Debug|ARM.ActiveCfg = Debug|ARM
		{C3C7E79F-B09A-41A9-88C3-F6F057FB2B80}.Debug|ARM.Build.0 = Debug|ARM
		{C3C7E79F-B09A-41A9-88C3-F6F057FB2B80}.Debug|x86.ActiveCfg = Debug|x86
		{C3C7E79F-B09A-41A9-88C3-F6F057FB2B80}.Debug|x86.Build.0 = Debug|x86
		{C3C7E79F-B09A-41A9-88C3-F6F057FB2B80}.Release|Any CPU.ActiveCfg = Release|Any CPU
		{C3C7E79F-B09A-41A9-88C3-F6F057FB2B80}.Release|Any CPU.Build.0 = Release|Any CPU
		{C3C7E79F-B09A-41A9-88C3-F6F057FB2B80}.Release|ARM.ActiveCfg = Release|ARM
		{C3C7E79F-B09A-41A9-88C3-F6F057FB2B80}.Release|ARM.Build.0 = Release|ARM
		{C3C7E79F-B09A-41A9-88C3-F6F057FB2B80}.Release|x86.ActiveCfg = Release|x86
		{C3C7E79F-B09A-41A9-88C3-F6F057FB2B80}.Release|x86.Build.0 = Release|x86
	EndGlobalSection
	GlobalSection(SolutionProperties) = preSolution
		HideSolutionNode = FALSE
	EndGlobalSection
	GlobalSection(NestedProjects) = preSolution
		{0044C06C-35E7-4202-A0B3-05A8801167F0} = {3BBD2A55-EF92-4177-A824-37EC0BFE99A7}
		{C3C7E79F-B09A-41A9-88C3-F6F057FB2B80} = {3BBD2A55-EF92-4177-A824-37EC0BFE99A7}
		{FBA44E0C-EFDC-427C-AC0C-6CA7818F185C} = {8E6B0002-D81B-4417-82B1-4FB9A2F77919}
		{17B3DC2E-4E82-4E4D-A032-23D4FEC9387F} = {3D06EF47-2B52-4E3B-9553-D5E8B0C366D8}
		{EB44E129-CDD8-4647-93F8-94FED393C2B4} = {160A4ABE-2543-4A68-8474-38AB74892287}
		{F3A6B7DC-010F-42E7-946E-E180F992B969} = {160A4ABE-2543-4A68-8474-38AB74892287}
		{5D64C1CC-5158-4A90-9915-F2724B556665} = {0C00A2C7-036E-4C85-8CE7-91838B361A61}
	EndGlobalSection
EndGlobal
