
Microsoft Visual Studio Solution File, Format Version 12.00
# Visual Studio 2012
Project("{2150E333-8FDC-42A3-9474-1A3956D46DE8}") = "Model", "Model", "{3BBD2A55-EF92-4177-A824-37EC0BFE99A7}"
EndProject
Project("{2150E333-8FDC-42A3-9474-1A3956D46DE8}") = "ViewModel", "ViewModel", "{8E6B0002-D81B-4417-82B1-4FB9A2F77919}"
EndProject
Project("{2150E333-8FDC-42A3-9474-1A3956D46DE8}") = "View", "View", "{3D06EF47-2B52-4E3B-9553-D5E8B0C366D8}"
EndProject
Project("{2150E333-8FDC-42A3-9474-1A3956D46DE8}") = "Service", "Service", "{160A4ABE-2543-4A68-8474-38AB74892287}"
EndProject
Project("{FAE04EC0-301F-11D3-BF4B-00C04F79EFBC}") = "BetterBuses.ViewModel.Common", "BetterBuses.ViewModel.Common\BetterBuses.ViewModel.Common.csproj", "{CB9D6F41-94CD-40A8-8EA1-1A3A5202686B}"
EndProject
Project("{FAE04EC0-301F-11D3-BF4B-00C04F79EFBC}") = "BetterBuses.Model.Common", "BetterBuses.Model.Common\BetterBuses.Model.Common.csproj", "{1CD4BF6A-AD79-438C-93C2-7FBF53EAD1EB}"
EndProject
Project("{FAE04EC0-301F-11D3-BF4B-00C04F79EFBC}") = "BetterBuses.ViewModel.WinPhone", "BetterBuses.ViewModel.WinPhone\BetterBuses.ViewModel.WinPhone.csproj", "{0B82EB6F-B7C3-4A78-8C23-D16506F37217}"
EndProject
Project("{FAE04EC0-301F-11D3-BF4B-00C04F79EFBC}") = "BetterBuses.View.WinPhone", "BetterBuses.View.WinPhone\BetterBuses.View.WinPhone.csproj", "{43194011-193B-4A66-B9D8-238CA86A0676}"
EndProject
Project("{2150E333-8FDC-42A3-9474-1A3956D46DE8}") = "ViewModel.Tests", "ViewModel.Tests", "{454E141D-597C-43B8-BC87-57BB31459736}"
EndProject
Project("{2150E333-8FDC-42A3-9474-1A3956D46DE8}") = "Service.Tests", "Service.Tests", "{7C7AEA64-D39E-4DB6-92AA-72EC9203FB3C}"
EndProject
Project("{2150E333-8FDC-42A3-9474-1A3956D46DE8}") = ".nuget", ".nuget", "{B95D8064-4E8E-4FD2-8E6E-2496A0440716}"
	ProjectSection(SolutionItems) = preProject
		.nuget\NuGet.Config = .nuget\NuGet.Config
		.nuget\NuGet.exe = .nuget\NuGet.exe
		.nuget\NuGet.targets = .nuget\NuGet.targets
	EndProjectSection
EndProject
Global
	GlobalSection(SolutionConfigurationPlatforms) = preSolution
		Debug|Any CPU = Debug|Any CPU
		Debug|ARM = Debug|ARM
		Debug|x86 = Debug|x86
		Release|Any CPU = Release|Any CPU
		Release|ARM = Release|ARM
		Release|x86 = Release|x86
	EndGlobalSection
	GlobalSection(ProjectConfigurationPlatforms) = postSolution
		{CB9D6F41-94CD-40A8-8EA1-1A3A5202686B}.Debug|Any CPU.ActiveCfg = Debug|Any CPU
		{CB9D6F41-94CD-40A8-8EA1-1A3A5202686B}.Debug|Any CPU.Build.0 = Debug|Any CPU
		{CB9D6F41-94CD-40A8-8EA1-1A3A5202686B}.Debug|ARM.ActiveCfg = Debug|ARM
		{CB9D6F41-94CD-40A8-8EA1-1A3A5202686B}.Debug|ARM.Build.0 = Debug|ARM
		{CB9D6F41-94CD-40A8-8EA1-1A3A5202686B}.Debug|x86.ActiveCfg = Debug|x86
		{CB9D6F41-94CD-40A8-8EA1-1A3A5202686B}.Debug|x86.Build.0 = Debug|x86
		{CB9D6F41-94CD-40A8-8EA1-1A3A5202686B}.Release|Any CPU.ActiveCfg = Release|Any CPU
		{CB9D6F41-94CD-40A8-8EA1-1A3A5202686B}.Release|Any CPU.Build.0 = Release|Any CPU
		{CB9D6F41-94CD-40A8-8EA1-1A3A5202686B}.Release|ARM.ActiveCfg = Release|ARM
		{CB9D6F41-94CD-40A8-8EA1-1A3A5202686B}.Release|ARM.Build.0 = Release|ARM
		{CB9D6F41-94CD-40A8-8EA1-1A3A5202686B}.Release|x86.ActiveCfg = Release|x86
		{CB9D6F41-94CD-40A8-8EA1-1A3A5202686B}.Release|x86.Build.0 = Release|x86
		{1CD4BF6A-AD79-438C-93C2-7FBF53EAD1EB}.Debug|Any CPU.ActiveCfg = Debug|Any CPU
		{1CD4BF6A-AD79-438C-93C2-7FBF53EAD1EB}.Debug|Any CPU.Build.0 = Debug|Any CPU
		{1CD4BF6A-AD79-438C-93C2-7FBF53EAD1EB}.Debug|ARM.ActiveCfg = Debug|ARM
		{1CD4BF6A-AD79-438C-93C2-7FBF53EAD1EB}.Debug|ARM.Build.0 = Debug|ARM
		{1CD4BF6A-AD79-438C-93C2-7FBF53EAD1EB}.Debug|x86.ActiveCfg = Debug|x86
		{1CD4BF6A-AD79-438C-93C2-7FBF53EAD1EB}.Debug|x86.Build.0 = Debug|x86
		{1CD4BF6A-AD79-438C-93C2-7FBF53EAD1EB}.Release|Any CPU.ActiveCfg = Release|Any CPU
		{1CD4BF6A-AD79-438C-93C2-7FBF53EAD1EB}.Release|Any CPU.Build.0 = Release|Any CPU
		{1CD4BF6A-AD79-438C-93C2-7FBF53EAD1EB}.Release|ARM.ActiveCfg = Release|ARM
		{1CD4BF6A-AD79-438C-93C2-7FBF53EAD1EB}.Release|ARM.Build.0 = Release|ARM
		{1CD4BF6A-AD79-438C-93C2-7FBF53EAD1EB}.Release|x86.ActiveCfg = Release|x86
		{1CD4BF6A-AD79-438C-93C2-7FBF53EAD1EB}.Release|x86.Build.0 = Release|x86
		{0B82EB6F-B7C3-4A78-8C23-D16506F37217}.Debug|Any CPU.ActiveCfg = Debug|Any CPU
		{0B82EB6F-B7C3-4A78-8C23-D16506F37217}.Debug|Any CPU.Build.0 = Debug|Any CPU
		{0B82EB6F-B7C3-4A78-8C23-D16506F37217}.Debug|ARM.ActiveCfg = Debug|ARM
		{0B82EB6F-B7C3-4A78-8C23-D16506F37217}.Debug|ARM.Build.0 = Debug|ARM
		{0B82EB6F-B7C3-4A78-8C23-D16506F37217}.Debug|x86.ActiveCfg = Debug|x86
		{0B82EB6F-B7C3-4A78-8C23-D16506F37217}.Debug|x86.Build.0 = Debug|x86
		{0B82EB6F-B7C3-4A78-8C23-D16506F37217}.Release|Any CPU.ActiveCfg = Release|Any CPU
		{0B82EB6F-B7C3-4A78-8C23-D16506F37217}.Release|Any CPU.Build.0 = Release|Any CPU
		{0B82EB6F-B7C3-4A78-8C23-D16506F37217}.Release|ARM.ActiveCfg = Release|ARM
		{0B82EB6F-B7C3-4A78-8C23-D16506F37217}.Release|ARM.Build.0 = Release|ARM
		{0B82EB6F-B7C3-4A78-8C23-D16506F37217}.Release|x86.ActiveCfg = Release|x86
		{0B82EB6F-B7C3-4A78-8C23-D16506F37217}.Release|x86.Build.0 = Release|x86
		{43194011-193B-4A66-B9D8-238CA86A0676}.Debug|Any CPU.ActiveCfg = Debug|Any CPU
		{43194011-193B-4A66-B9D8-238CA86A0676}.Debug|Any CPU.Build.0 = Debug|Any CPU
		{43194011-193B-4A66-B9D8-238CA86A0676}.Debug|Any CPU.Deploy.0 = Debug|Any CPU
		{43194011-193B-4A66-B9D8-238CA86A0676}.Debug|ARM.ActiveCfg = Debug|ARM
		{43194011-193B-4A66-B9D8-238CA86A0676}.Debug|ARM.Build.0 = Debug|ARM
		{43194011-193B-4A66-B9D8-238CA86A0676}.Debug|ARM.Deploy.0 = Debug|ARM
		{43194011-193B-4A66-B9D8-238CA86A0676}.Debug|x86.ActiveCfg = Debug|x86
		{43194011-193B-4A66-B9D8-238CA86A0676}.Debug|x86.Build.0 = Debug|x86
		{43194011-193B-4A66-B9D8-238CA86A0676}.Debug|x86.Deploy.0 = Debug|x86
		{43194011-193B-4A66-B9D8-238CA86A0676}.Release|Any CPU.ActiveCfg = Release|Any CPU
		{43194011-193B-4A66-B9D8-238CA86A0676}.Release|Any CPU.Build.0 = Release|Any CPU
		{43194011-193B-4A66-B9D8-238CA86A0676}.Release|Any CPU.Deploy.0 = Release|Any CPU
		{43194011-193B-4A66-B9D8-238CA86A0676}.Release|ARM.ActiveCfg = Release|ARM
		{43194011-193B-4A66-B9D8-238CA86A0676}.Release|ARM.Build.0 = Release|ARM
		{43194011-193B-4A66-B9D8-238CA86A0676}.Release|ARM.Deploy.0 = Release|ARM
		{43194011-193B-4A66-B9D8-238CA86A0676}.Release|x86.ActiveCfg = Release|x86
		{43194011-193B-4A66-B9D8-238CA86A0676}.Release|x86.Build.0 = Release|x86
		{43194011-193B-4A66-B9D8-238CA86A0676}.Release|x86.Deploy.0 = Release|x86
	EndGlobalSection
	GlobalSection(SolutionProperties) = preSolution
		HideSolutionNode = FALSE
	EndGlobalSection
	GlobalSection(NestedProjects) = preSolution
		{1CD4BF6A-AD79-438C-93C2-7FBF53EAD1EB} = {3BBD2A55-EF92-4177-A824-37EC0BFE99A7}
		{CB9D6F41-94CD-40A8-8EA1-1A3A5202686B} = {8E6B0002-D81B-4417-82B1-4FB9A2F77919}
		{0B82EB6F-B7C3-4A78-8C23-D16506F37217} = {8E6B0002-D81B-4417-82B1-4FB9A2F77919}
		{43194011-193B-4A66-B9D8-238CA86A0676} = {3D06EF47-2B52-4E3B-9553-D5E8B0C366D8}
	EndGlobalSection
EndGlobal
